# THIS IS AN AUTOGENERATED FILE. DO NOT EDIT THIS FILE DIRECTLY.
# yarn lockfile v1


expo-server-sdk@^3.5.0:
  version "3.5.0"
  resolved "https://registry.yarnpkg.com/expo-server-sdk/-/expo-server-sdk-3.5.0.tgz#a55c74584d2e7f092e5e416acf02f6583de06ef9"
  integrity sha512-+ZpLNa99Dj3iAO3HITGFdAysaTTPgHq4e6xxKt13JoxAN+TD0qrZ9FEwdTM+vwvHYxnDrV/bi/3X8y0w+SQfJA==
  dependencies:
    node-fetch "^2.6.0"
    promise-limit "^2.7.0"

node-fetch@^2.6.0:
  version "2.6.0"
  resolved "https://registry.yarnpkg.com/node-fetch/-/node-fetch-2.6.0.tgz#e633456386d4aa55863f676a7ab0daa8fdecb0fd"
  integrity sha512-8dG4H5ujfvFiqDmVu9fQ5bOHUC15JMjMY/Zumv26oOvvVJjM67KF8koCWIabKQ1GJIa9r2mMZscBq/TbdOcmNA==

promise-limit@^2.7.0:
  version "2.7.0"
  resolved "https://registry.yarnpkg.com/promise-limit/-/promise-limit-2.7.0.tgz#eb5737c33342a030eaeaecea9b3d3a93cb592b26"
  integrity sha512-7nJ6v5lnJsXwGprnGXga4wx6d1POjvi5Qmf1ivTRxTjH4Z/9Czja/UCMLVmB9N93GeWOU93XaFaEt6jbuoagNw==
