# THIS IS AN AUTOGENERATED FILE. DO NOT EDIT THIS FILE DIRECTLY.
# yarn lockfile v1


expo-constants@^9.0.0:
  version "9.0.0"
  resolved "https://registry.yarnpkg.com/expo-constants/-/expo-constants-9.0.0.tgz#35c600079ee91d38fe4f56375caae6e90f122fdd"
  integrity sha512-1kqZMM8Ez5JT3sTEx8I69fP6NYFLOJjeM6Z63dD/m2NiwvzSADiO5+BhghnWNGN1L3bxbgOjXS6EHtS7CdSfxA==

expo-permissions@^8.1.0:
  version "8.1.0"
  resolved "https://registry.yarnpkg.com/expo-permissions/-/expo-permissions-8.1.0.tgz#a7f2ee91ba76ce3a467e7b10adaa9ca5201b226f"
  integrity sha512-QBHD+1J9+sGFnhoEGzMRchPweeEE0OJ9ehG/0l1BMRBA7qsLS9vRC1FTJ55NwjI0Kr4RTha9r6ZX1kZHT09f/w==

expo-server-sdk@^3.5.0:
  version "3.5.0"
  resolved "https://registry.yarnpkg.com/expo-server-sdk/-/expo-server-sdk-3.5.0.tgz#a55c74584d2e7f092e5e416acf02f6583de06ef9"
  integrity sha512-+ZpLNa99Dj3iAO3HITGFdAysaTTPgHq4e6xxKt13JoxAN+TD0qrZ9FEwdTM+vwvHYxnDrV/bi/3X8y0w+SQfJA==
  dependencies:
    node-fetch "^2.6.0"
    promise-limit "^2.7.0"

node-fetch@^2.6.0:
  version "2.6.1"
  resolved "https://registry.yarnpkg.com/node-fetch/-/node-fetch-2.6.1.tgz#045bd323631f76ed2e2b55573394416b639a0052"
  integrity sha512-V4aYg89jEoVRxRb2fJdAg8FHvI7cEyYdVAh94HH0UIK8oJxUfkjlDQN9RbMx+bEjP7+ggMiFRprSti032Oipxw==

promise-limit@^2.7.0:
  version "2.7.0"
  resolved "https://registry.yarnpkg.com/promise-limit/-/promise-limit-2.7.0.tgz#eb5737c33342a030eaeaecea9b3d3a93cb592b26"
  integrity sha512-7nJ6v5lnJsXwGprnGXga4wx6d1POjvi5Qmf1ivTRxTjH4Z/9Czja/UCMLVmB9N93GeWOU93XaFaEt6jbuoagNw==
